
Microsoft Visual Studio Solution File, Format Version 12.00
# Visual Studio Version 17
VisualStudioVersion = 17.12.35707.178 d17.12
MinimumVisualStudioVersion = 10.0.40219.1
Project("{FAE04EC0-301F-11D3-BF4B-00C04F79EFBC}") = "TheMealDbAPI", "TheMealDbAPI\TheMealDbAPI.csproj", "{16BCB8B6-4155-41D4-B5DB-8D500CDD9C73}"
EndProject
Project("{FAE04EC0-301F-11D3-BF4B-00C04F79EFBC}") = "TheMealDbWebProject", "TheMealDbWebProject\TheMealDbWebProject.csproj", "{E103BD6D-823E-431C-BDA0-C39BE3CC7F70}"
EndProject
Global
	GlobalSection(SolutionConfigurationPlatforms) = preSolution
		Debug|Any CPU = Debug|Any CPU
		Release|Any CPU = Release|Any CPU
	EndGlobalSection
	GlobalSection(ProjectConfigurationPlatforms) = postSolution
		{16BCB8B6-4155-41D4-B5DB-8D500CDD9C73}.Debug|Any CPU.ActiveCfg = Debug|Any CPU
		{16BCB8B6-4155-41D4-B5DB-8D500CDD9C73}.Debug|Any CPU.Build.0 = Debug|Any CPU
		{16BCB8B6-4155-41D4-B5DB-8D500CDD9C73}.Release|Any CPU.ActiveCfg = Release|Any CPU
		{16BCB8B6-4155-41D4-B5DB-8D500CDD9C73}.Release|Any CPU.Build.0 = Release|Any CPU
		{E103BD6D-823E-431C-BDA0-C39BE3CC7F70}.Debug|Any CPU.ActiveCfg = Debug|Any CPU
		{E103BD6D-823E-431C-BDA0-C39BE3CC7F70}.Debug|Any CPU.Build.0 = Debug|Any CPU
		{E103BD6D-823E-431C-BDA0-C39BE3CC7F70}.Release|Any CPU.ActiveCfg = Release|Any CPU
		{E103BD6D-823E-431C-BDA0-C39BE3CC7F70}.Release|Any CPU.Build.0 = Release|Any CPU
	EndGlobalSection
	GlobalSection(SolutionProperties) = preSolution
		HideSolutionNode = FALSE
	EndGlobalSection
EndGlobal
